
Microsoft Visual Studio Solution File, Format Version 12.00
# Visual Studio Version 17
VisualStudioVersion = 17.6.33815.320
MinimumVisualStudioVersion = 10.0.40219.1
Project("{FAE04EC0-301F-11D3-BF4B-00C04F79EFBC}") = "Multiples3sAnd5s", "Multiples3sAnd5s\Multiples3sAnd5s.csproj", "{100258F5-EC8A-4DAC-BA44-E8758A9B9124}"
EndProject
Global
	GlobalSection(SolutionConfigurationPlatforms) = preSolution
		Debug|Any CPU = Debug|Any CPU
		Release|Any CPU = Release|Any CPU
	EndGlobalSection
	GlobalSection(ProjectConfigurationPlatforms) = postSolution
		{100258F5-EC8A-4DAC-BA44-E8758A9B9124}.Debug|Any CPU.ActiveCfg = Debug|Any CPU
		{100258F5-EC8A-4DAC-BA44-E8758A9B9124}.Debug|Any CPU.Build.0 = Debug|Any CPU
		{100258F5-EC8A-4DAC-BA44-E8758A9B9124}.Release|Any CPU.ActiveCfg = Release|Any CPU
		{100258F5-EC8A-4DAC-BA44-E8758A9B9124}.Release|Any CPU.Build.0 = Release|Any CPU
	EndGlobalSection
	GlobalSection(SolutionProperties) = preSolution
		HideSolutionNode = FALSE
	EndGlobalSection
	GlobalSection(ExtensibilityGlobals) = postSolution
		SolutionGuid = {9D85AEA5-07F1-446F-BFC8-4476AF31CD0F}
	EndGlobalSection
EndGlobal
